
Microsoft Visual Studio Solution File, Format Version 12.00
# Visual Studio Version 16
VisualStudioVersion = 16.0.30621.155
MinimumVisualStudioVersion = 10.0.40219.1
Project("{FAE04EC0-301F-11D3-BF4B-00C04F79EFBC}") = "Colocc", "Colocc\Colocc.csproj", "{EB67EFCB-75B5-468C-B76D-3768990E776D}"
EndProject
Global
	GlobalSection(SolutionConfigurationPlatforms) = preSolution
		Debug|Any CPU = Debug|Any CPU
		Release|Any CPU = Release|Any CPU
	EndGlobalSection
	GlobalSection(ProjectConfigurationPlatforms) = postSolution
		{EB67EFCB-75B5-468C-B76D-3768990E776D}.Debug|Any CPU.ActiveCfg = Debug|Any CPU
		{EB67EFCB-75B5-468C-B76D-3768990E776D}.Debug|Any CPU.Build.0 = Debug|Any CPU
		{EB67EFCB-75B5-468C-B76D-3768990E776D}.Release|Any CPU.ActiveCfg = Release|Any CPU
		{EB67EFCB-75B5-468C-B76D-3768990E776D}.Release|Any CPU.Build.0 = Release|Any CPU
	EndGlobalSection
	GlobalSection(SolutionProperties) = preSolution
		HideSolutionNode = FALSE
	EndGlobalSection
	GlobalSection(ExtensibilityGlobals) = postSolution
		SolutionGuid = {60ACD147-5784-4D13-B30E-6CB95E9BDDE8}
	EndGlobalSection
EndGlobal
